
Microsoft Visual Studio Solution File, Format Version 12.00
# Visual Studio Version 16
VisualStudioVersion = 16.0.30907.101
MinimumVisualStudioVersion = 10.0.40219.1
Project("{FAE04EC0-301F-11D3-BF4B-00C04F79EFBC}") = "RevitAPITest", "RevitAPITest\RevitAPITest.csproj", "{9590EBE4-D141-4C6F-B456-66FC93201665}"
EndProject
Global
	GlobalSection(SolutionConfigurationPlatforms) = preSolution
		Debug|Any CPU = Debug|Any CPU
		Release|Any CPU = Release|Any CPU
	EndGlobalSection
	GlobalSection(ProjectConfigurationPlatforms) = postSolution
		{9590EBE4-D141-4C6F-B456-66FC93201665}.Debug|Any CPU.ActiveCfg = Debug|Any CPU
		{9590EBE4-D141-4C6F-B456-66FC93201665}.Debug|Any CPU.Build.0 = Debug|Any CPU
		{9590EBE4-D141-4C6F-B456-66FC93201665}.Release|Any CPU.ActiveCfg = Release|Any CPU
		{9590EBE4-D141-4C6F-B456-66FC93201665}.Release|Any CPU.Build.0 = Release|Any CPU
	EndGlobalSection
	GlobalSection(SolutionProperties) = preSolution
		HideSolutionNode = FALSE
	EndGlobalSection
	GlobalSection(ExtensibilityGlobals) = postSolution
		SolutionGuid = {EE878D20-8A30-436D-A89B-8411B58DF43F}
	EndGlobalSection
EndGlobal
